
Microsoft Visual Studio Solution File, Format Version 12.00
# Visual Studio Version 17
VisualStudioVersion = 17.7.34031.279
MinimumVisualStudioVersion = 10.0.40219.1
Project("{FAE04EC0-301F-11D3-BF4B-00C04F79EFBC}") = "Serialization_Practice", "Serialization_Practice\Serialization_Practice.csproj", "{A6559598-420B-446F-9219-D8585620D897}"
EndProject
Global
	GlobalSection(SolutionConfigurationPlatforms) = preSolution
		Debug|Any CPU = Debug|Any CPU
		Release|Any CPU = Release|Any CPU
	EndGlobalSection
	GlobalSection(ProjectConfigurationPlatforms) = postSolution
		{A6559598-420B-446F-9219-D8585620D897}.Debug|Any CPU.ActiveCfg = Debug|Any CPU
		{A6559598-420B-446F-9219-D8585620D897}.Debug|Any CPU.Build.0 = Debug|Any CPU
		{A6559598-420B-446F-9219-D8585620D897}.Release|Any CPU.ActiveCfg = Release|Any CPU
		{A6559598-420B-446F-9219-D8585620D897}.Release|Any CPU.Build.0 = Release|Any CPU
	EndGlobalSection
	GlobalSection(SolutionProperties) = preSolution
		HideSolutionNode = FALSE
	EndGlobalSection
	GlobalSection(ExtensibilityGlobals) = postSolution
		SolutionGuid = {FD667C79-A5A4-4E48-9FE2-C613CA866778}
	EndGlobalSection
EndGlobal
